// !$*UTF8*$!
{
	archiveVersion = 1;
	classes = {
	};
	objectVersion = 77;
	objects = {

/* Begin PBXBuildFile section */
		B305604F2F480733001D3E5A /* GoogleService-Info.plist in Resources */ = {isa = PBXBuildFile; fileRef = B305604E2F480733001D3E5A /* GoogleService-Info.plist */; };
		B32E74B72F1EFADE0093E016 /* WidgetKit.framework in Frameworks */ = {isa = PBXBuildFile; fileRef = B32E74B62F1EFADE0093E016 /* WidgetKit.framework */; };
		B32E74B92F1EFADE0093E016 /* SwiftUI.framework in Frameworks */ = {isa = PBXBuildFile; fileRef = B32E74B82F1EFADE0093E016 /* SwiftUI.framework */; };
		B32E74C82F1EFADF0093E016 /* OneTapSafeWidgetExtension.appex in Embed Foundation Extensions */ = {isa = PBXBuildFile; fileRef = B32E74B42F1EFADE0093E016 /* OneTapSafeWidgetExtension.appex */; settings = {ATTRIBUTES = (RemoveHeadersOnCopy, ); }; };
		B3E617AF2F481144009FF88C /* FirebaseAnalytics in Frameworks */ = {isa = PBXBuildFile; productRef = B3E617AE2F481144009FF88C /* FirebaseAnalytics */; };
/* End PBXBuildFile section */

/* Begin PBXContainerItemProxy section */
		B32E74C62F1EFADF0093E016 /* PBXContainerItemProxy */ = {
			isa = PBXContainerItemProxy;
			containerPortal = B32E74742F1ECD6F0093E016 /* Project object */;
			proxyType = 1;
			remoteGlobalIDString = B32E74B32F1EFADE0093E016;
			remoteInfo = OneTapSafeWidgetExtension;
		};
/* End PBXContainerItemProxy section */

/* Begin PBXCopyFilesBuildPhase section */
		B32E74CD2F1EFADF0093E016 /* Embed Foundation Extensions */ = {
			isa = PBXCopyFilesBuildPhase;
			buildActionMask = 2147483647;
			dstPath = "";
			dstSubfolderSpec = 13;
			files = (
				B32E74C82F1EFADF0093E016 /* OneTapSafeWidgetExtension.appex in Embed Foundation Extensions */,
			);
			name = "Embed Foundation Extensions";
			runOnlyForDeploymentPostprocessing = 0;
		};
/* End PBXCopyFilesBuildPhase section */

/* Begin PBXFileReference section */
		B305604E2F480733001D3E5A /* GoogleService-Info.plist */ = {isa = PBXFileReference; lastKnownFileType = text.plist.xml; path = "GoogleService-Info.plist"; sourceTree = "<group>"; };
		B30D3B1E2F4033BE00A06F26 /* OneTapSafe.storekit */ = {isa = PBXFileReference; lastKnownFileType = text; path = OneTapSafe.storekit; sourceTree = "<group>"; };
		B32E747C2F1ECD6F0093E016 /* OneTapSafe.app */ = {isa = PBXFileReference; explicitFileType = wrapper.application; includeInIndex = 0; path = OneTapSafe.app; sourceTree = BUILT_PRODUCTS_DIR; };
		B32E74B42F1EFADE0093E016 /* OneTapSafeWidgetExtension.appex */ = {isa = PBXFileReference; explicitFileType = "wrapper.app-extension"; includeInIndex = 0; path = OneTapSafeWidgetExtension.appex; sourceTree = BUILT_PRODUCTS_DIR; };
		B32E74B62F1EFADE0093E016 /* WidgetKit.framework */ = {isa = PBXFileReference; lastKnownFileType = wrapper.framework; name = WidgetKit.framework; path = System/Library/Frameworks/WidgetKit.framework; sourceTree = SDKROOT; };
		B32E74B82F1EFADE0093E016 /* SwiftUI.framework */ = {isa = PBXFileReference; lastKnownFileType = wrapper.framework; name = SwiftUI.framework; path = System/Library/Frameworks/SwiftUI.framework; sourceTree = SDKROOT; };
/* End PBXFileReference section */

/* Begin PBXFileSystemSynchronizedBuildFileExceptionSet section */
		B32E74C92F1EFADF0093E016 /* Exceptions for "OneTapSafeWidget" folder in "OneTapSafeWidgetExtension" target */ = {
			isa = PBXFileSystemSynchronizedBuildFileExceptionSet;
			membershipExceptions = (
				Info.plist,
			);
			target = B32E74B32F1EFADE0093E016 /* OneTapSafeWidgetExtension */;
		};
		B32E74CE2F1EFAFD0093E016 /* Exceptions for "OneTapSafeWidget" folder in "OneTapSafe" target */ = {
			isa = PBXFileSystemSynchronizedBuildFileExceptionSet;
			membershipExceptions = (
				LiveActivity/CheckInActivityAttributes.swift,
				LiveActivity/CheckInIntent.swift,
				LiveActivity/CheckInShortcuts.swift,
			);
			target = B32E747B2F1ECD6F0093E016 /* OneTapSafe */;
		};
		B32E74D32F1EFB940093E016 /* Exceptions for "OneTapSafe" folder in "OneTapSafeWidgetExtension" target */ = {
			isa = PBXFileSystemSynchronizedBuildFileExceptionSet;
			membershipExceptions = (
				Models/CheckIn.swift,
				Models/Contact.swift,
				Services/DataStore.swift,
				Services/LiveActivityManager.swift,
			);
			target = B32E74B32F1EFADE0093E016 /* OneTapSafeWidgetExtension */;
		};
/* End PBXFileSystemSynchronizedBuildFileExceptionSet section */

/* Begin PBXFileSystemSynchronizedRootGroup section */
		B32E747E2F1ECD6F0093E016 /* OneTapSafe */ = {
			isa = PBXFileSystemSynchronizedRootGroup;
			exceptions = (
				B32E74D32F1EFB940093E016 /* Exceptions for "OneTapSafe" folder in "OneTapSafeWidgetExtension" target */,
			);
			path = OneTapSafe;
			sourceTree = "<group>";
		};
		B32E74BA2F1EFADE0093E016 /* OneTapSafeWidget */ = {
			isa = PBXFileSystemSynchronizedRootGroup;
			exceptions = (
				B32E74CE2F1EFAFD0093E016 /* Exceptions for "OneTapSafeWidget" folder in "OneTapSafe" target */,
				B32E74C92F1EFADF0093E016 /* Exceptions for "OneTapSafeWidget" folder in "OneTapSafeWidgetExtension" target */,
			);
			path = OneTapSafeWidget;
			sourceTree = "<group>";
		};
/* End PBXFileSystemSynchronizedRootGroup section */

/* Begin PBXFrameworksBuildPhase section */
		B32E74792F1ECD6F0093E016 /* Frameworks */ = {
			isa = PBXFrameworksBuildPhase;
			buildActionMask = 2147483647;
			files = (
				B3E617AF2F481144009FF88C /* FirebaseAnalytics in Frameworks */,
			);
			runOnlyForDeploymentPostprocessing = 0;
		};
		B32E74B12F1EFADE0093E016 /* Frameworks */ = {
			isa = PBXFrameworksBuildPhase;
			buildActionMask = 2147483647;
			files = (
				B32E74B92F1EFADE0093E016 /* SwiftUI.framework in Frameworks */,
				B32E74B72F1EFADE0093E016 /* WidgetKit.framework in Frameworks */,
			);
			runOnlyForDeploymentPostprocessing = 0;
		};
/* End PBXFrameworksBuildPhase section */

/* Begin PBXGroup section */
		B32E74732F1ECD6F0093E016 = {
			isa = PBXGroup;
			children = (
				B30D3B1E2F4033BE00A06F26 /* OneTapSafe.storekit */,
				B32E747E2F1ECD6F0093E016 /* OneTapSafe */,
				B32E74BA2F1EFADE0093E016 /* OneTapSafeWidget */,
				B32E74B52F1EFADE0093E016 /* Frameworks */,
				B32E747D2F1ECD6F0093E016 /* Products */,
				B305604E2F480733001D3E5A /* GoogleService-Info.plist */,
			);
			sourceTree = "<group>";
		};
		B32E747D2F1ECD6F0093E016 /* Products */ = {
			isa = PBXGroup;
			children = (
				B32E747C2F1ECD6F0093E016 /* OneTapSafe.app */,
				B32E74B42F1EFADE0093E016 /* OneTapSafeWidgetExtension.appex */,
			);
			name = Products;
			sourceTree = "<group>";
		};
		B32E74B52F1EFADE0093E016 /* Frameworks */ = {
			isa = PBXGroup;
			children = (
				B32E74B62F1EFADE0093E016 /* WidgetKit.framework */,
				B32E74B82F1EFADE0093E016 /* SwiftUI.framework */,
			);
			name = Frameworks;
			sourceTree = "<group>";
		};
/* End PBXGroup section */

/* Begin PBXNativeTarget section */
		B32E747B2F1ECD6F0093E016 /* OneTapSafe */ = {
			isa = PBXNativeTarget;
			buildConfigurationList = B32E74872F1ECD710093E016 /* Build configuration list for PBXNativeTarget "OneTapSafe" */;
			buildPhases = (
				B32E74782F1ECD6F0093E016 /* Sources */,
				B32E74792F1ECD6F0093E016 /* Frameworks */,
				B32E747A2F1ECD6F0093E016 /* Resources */,
				B32E74CD2F1EFADF0093E016 /* Embed Foundation Extensions */,
			);
			buildRules = (
			);
			dependencies = (
				B32E74C72F1EFADF0093E016 /* PBXTargetDependency */,
			);
			fileSystemSynchronizedGroups = (
				B32E747E2F1ECD6F0093E016 /* OneTapSafe */,
			);
			name = OneTapSafe;
			packageProductDependencies = (
				B3E617AE2F481144009FF88C /* FirebaseAnalytics */,
			);
			productName = OneTapSafe;
			productReference = B32E747C2F1ECD6F0093E016 /* OneTapSafe.app */;
			productType = "com.apple.product-type.application";
		};
		B32E74B32F1EFADE0093E016 /* OneTapSafeWidgetExtension */ = {
			isa = PBXNativeTarget;
			buildConfigurationList = B32E74CA2F1EFADF0093E016 /* Build configuration list for PBXNativeTarget "OneTapSafeWidgetExtension" */;
			buildPhases = (
				B32E74B02F1EFADE0093E016 /* Sources */,
				B32E74B12F1EFADE0093E016 /* Frameworks */,
				B32E74B22F1EFADE0093E016 /* Resources */,
			);
			buildRules = (
			);
			dependencies = (
			);
			fileSystemSynchronizedGroups = (
				B32E74BA2F1EFADE0093E016 /* OneTapSafeWidget */,
			);
			name = OneTapSafeWidgetExtension;
			packageProductDependencies = (
			);
			productName = OneTapSafeWidgetExtension;
			productReference = B32E74B42F1EFADE0093E016 /* OneTapSafeWidgetExtension.appex */;
			productType = "com.apple.product-type.app-extension";
		};
/* End PBXNativeTarget section */

/* Begin PBXProject section */
		B32E74742F1ECD6F0093E016 /* Project object */ = {
			isa = PBXProject;
			attributes = {
				BuildIndependentTargetsInParallel = 1;
				LastSwiftUpdateCheck = 2620;
				LastUpgradeCheck = 2620;
				TargetAttributes = {
					B32E747B2F1ECD6F0093E016 = {
						CreatedOnToolsVersion = 26.2;
					};
					B32E74B32F1EFADE0093E016 = {
						CreatedOnToolsVersion = 26.2;
					};
				};
			};
			buildConfigurationList = B32E74772F1ECD6F0093E016 /* Build configuration list for PBXProject "OneTapSafe" */;
			developmentRegion = en;
			hasScannedForEncodings = 0;
			knownRegions = (
				en,
				Base,
			);
			mainGroup = B32E74732F1ECD6F0093E016;
			minimizedProjectReferenceProxies = 1;
			packageReferences = (
				B3E617AD2F481144009FF88C /* XCRemoteSwiftPackageReference "firebase-ios-sdk" */,
			);
			preferredProjectObjectVersion = 77;
			productRefGroup = B32E747D2F1ECD6F0093E016 /* Products */;
			projectDirPath = "";
			projectRoot = "";
			targets = (
				B32E747B2F1ECD6F0093E016 /* OneTapSafe */,
				B32E74B32F1EFADE0093E016 /* OneTapSafeWidgetExtension */,
			);
		};
/* End PBXProject section */

/* Begin PBXResourcesBuildPhase section */
		B32E747A2F1ECD6F0093E016 /* Resources */ = {
			isa = PBXResourcesBuildPhase;
			buildActionMask = 2147483647;
			files = (
				B305604F2F480733001D3E5A /* GoogleService-Info.plist in Resources */,
			);
			runOnlyForDeploymentPostprocessing = 0;
		};
		B32E74B22F1EFADE0093E016 /* Resources */ = {
			isa = PBXResourcesBuildPhase;
			buildActionMask = 2147483647;
			files = (
			);
			runOnlyForDeploymentPostprocessing = 0;
		};
/* End PBXResourcesBuildPhase section */

/* Begin PBXSourcesBuildPhase section */
		B32E74782F1ECD6F0093E016 /* Sources */ = {
			isa = PBXSourcesBuildPhase;
			buildActionMask = 2147483647;
			files = (
			);
			runOnlyForDeploymentPostprocessing = 0;
		};
		B32E74B02F1EFADE0093E016 /* Sources */ = {
			isa = PBXSourcesBuildPhase;
			buildActionMask = 2147483647;
			files = (
			);
			runOnlyForDeploymentPostprocessing = 0;
		};
/* End PBXSourcesBuildPhase section */

/* Begin PBXTargetDependency section */
		B32E74C72F1EFADF0093E016 /* PBXTargetDependency */ = {
			isa = PBXTargetDependency;
			target = B32E74B32F1EFADE0093E016 /* OneTapSafeWidgetExtension */;
			targetProxy = B32E74C62F1EFADF0093E016 /* PBXContainerItemProxy */;
		};
/* End PBXTargetDependency section */

/* Begin XCBuildConfiguration section */
		B32E74852F1ECD710093E016 /* Debug */ = {
			isa = XCBuildConfiguration;
			buildSettings = {
				ALWAYS_SEARCH_USER_PATHS = NO;
				ASSETCATALOG_COMPILER_GENERATE_SWIFT_ASSET_SYMBOL_EXTENSIONS = YES;
				CLANG_ANALYZER_NONNULL = YES;
				CLANG_ANALYZER_NUMBER_OBJECT_CONVERSION = YES_AGGRESSIVE;
				CLANG_CXX_LANGUAGE_STANDARD = "gnu++20";
				CLANG_ENABLE_MODULES = YES;
				CLANG_ENABLE_OBJC_ARC = YES;
				CLANG_ENABLE_OBJC_WEAK = YES;
				CLANG_WARN_BLOCK_CAPTURE_AUTORELEASING = YES;
				CLANG_WARN_BOOL_CONVERSION = YES;
				CLANG_WARN_COMMA = YES;
				CLANG_WARN_CONSTANT_CONVERSION = YES;
				CLANG_WARN_DEPRECATED_OBJC_IMPLEMENTATIONS = YES;
				CLANG_WARN_DIRECT_OBJC_ISA_USAGE = YES_ERROR;
				CLANG_WARN_DOCUMENTATION_COMMENTS = YES;
				CLANG_WARN_EMPTY_BODY = YES;
				CLANG_WARN_ENUM_CONVERSION = YES;
				CLANG_WARN_INFINITE_RECURSION = YES;
				CLANG_WARN_INT_CONVERSION = YES;
				CLANG_WARN_NON_LITERAL_NULL_CONVERSION = YES;
				CLANG_WARN_OBJC_IMPLICIT_RETAIN_SELF = YES;
				CLANG_WARN_OBJC_LITERAL_CONVERSION = YES;
				CLANG_WARN_OBJC_ROOT_CLASS = YES_ERROR;
				CLANG_WARN_QUOTED_INCLUDE_IN_FRAMEWORK_HEADER = YES;
				CLANG_WARN_RANGE_LOOP_ANALYSIS = YES;
				CLANG_WARN_STRICT_PROTOTYPES = YES;
				CLANG_WARN_SUSPICIOUS_MOVE = YES;
				CLANG_WARN_UNGUARDED_AVAILABILITY = YES_AGGRESSIVE;
				CLANG_WARN_UNREACHABLE_CODE = YES;
				CLANG_WARN__DUPLICATE_METHOD_MATCH = YES;
				COPY_PHASE_STRIP = NO;
				DEBUG_INFORMATION_FORMAT = dwarf;
				DEVELOPMENT_TEAM = 2HQJC64KR8;
				ENABLE_STRICT_OBJC_MSGSEND = YES;
				ENABLE_TESTABILITY = YES;
				ENABLE_USER_SCRIPT_SANDBOXING = YES;
				GCC_C_LANGUAGE_STANDARD = gnu17;
				GCC_DYNAMIC_NO_PIC = NO;
				GCC_NO_COMMON_BLOCKS = YES;
				GCC_OPTIMIZATION_LEVEL = 0;
				GCC_PREPROCESSOR_DEFINITIONS = (
					"DEBUG=1",
					"$(inherited)",
				);
				GCC_WARN_64_TO_32_BIT_CONVERSION = YES;
				GCC_WARN_ABOUT_RETURN_TYPE = YES_ERROR;
				GCC_WARN_UNDECLARED_SELECTOR = YES;
				GCC_WARN_UNINITIALIZED_AUTOS = YES_AGGRESSIVE;
				GCC_WARN_UNUSED_FUNCTION = YES;
				GCC_WARN_UNUSED_VARIABLE = YES;
				IPHONEOS_DEPLOYMENT_TARGET = 26.2;
				LOCALIZATION_PREFERS_STRING_CATALOGS = YES;
				MTL_ENABLE_DEBUG_INFO = INCLUDE_SOURCE;
				MTL_FAST_MATH = YES;
				ONLY_ACTIVE_ARCH = YES;
				SDKROOT = iphoneos;
				SWIFT_ACTIVE_COMPILATION_CONDITIONS = "DEBUG $(inherited)";
				SWIFT_OPTIMIZATION_LEVEL = "-Onone";
			};
			name = Debug;
		};
		B32E74862F1ECD710093E016 /* Release */ = {
			isa = XCBuildConfiguration;
			buildSettings = {
				ALWAYS_SEARCH_USER_PATHS = NO;
				ASSETCATALOG_COMPILER_GENERATE_SWIFT_ASSET_SYMBOL_EXTENSIONS = YES;
				CLANG_ANALYZER_NONNULL = YES;
				CLANG_ANALYZER_NUMBER_OBJECT_CONVERSION = YES_AGGRESSIVE;
				CLANG_CXX_LANGUAGE_STANDARD = "gnu++20";
				CLANG_ENABLE_MODULES = YES;
				CLANG_ENABLE_OBJC_ARC = YES;
				CLANG_ENABLE_OBJC_WEAK = YES;
				CLANG_WARN_BLOCK_CAPTURE_AUTORELEASING = YES;
				CLANG_WARN_BOOL_CONVERSION = YES;
				CLANG_WARN_COMMA = YES;
				CLANG_WARN_CONSTANT_CONVERSION = YES;
				CLANG_WARN_DEPRECATED_OBJC_IMPLEMENTATIONS = YES;
				CLANG_WARN_DIRECT_OBJC_ISA_USAGE = YES_ERROR;
				CLANG_WARN_DOCUMENTATION_COMMENTS = YES;
				CLANG_WARN_EMPTY_BODY = YES;
				CLANG_WARN_ENUM_CONVERSION = YES;
				CLANG_WARN_INFINITE_RECURSION = YES;
				CLANG_WARN_INT_CONVERSION = YES;
				CLANG_WARN_NON_LITERAL_NULL_CONVERSION = YES;
				CLANG_WARN_OBJC_IMPLICIT_RETAIN_SELF = YES;
				CLANG_WARN_OBJC_LITERAL_CONVERSION = YES;
				CLANG_WARN_OBJC_ROOT_CLASS = YES_ERROR;
				CLANG_WARN_QUOTED_INCLUDE_IN_FRAMEWORK_HEADER = YES;
				CLANG_WARN_RANGE_LOOP_ANALYSIS = YES;
				CLANG_WARN_STRICT_PROTOTYPES = YES;
				CLANG_WARN_SUSPICIOUS_MOVE = YES;
				CLANG_WARN_UNGUARDED_AVAILABILITY = YES_AGGRESSIVE;
				CLANG_WARN_UNREACHABLE_CODE = YES;
				CLANG_WARN__DUPLICATE_METHOD_MATCH = YES;
				COPY_PHASE_STRIP = NO;
				DEBUG_INFORMATION_FORMAT = "dwarf-with-dsym";
				DEVELOPMENT_TEAM = 2HQJC64KR8;
				ENABLE_NS_ASSERTIONS = NO;
				ENABLE_STRICT_OBJC_MSGSEND = YES;
				ENABLE_USER_SCRIPT_SANDBOXING = YES;
				GCC_C_LANGUAGE_STANDARD = gnu17;
				GCC_NO_COMMON_BLOCKS = YES;
				GCC_WARN_64_TO_32_BIT_CONVERSION = YES;
				GCC_WARN_ABOUT_RETURN_TYPE = YES_ERROR;
				GCC_WARN_UNDECLARED_SELECTOR = YES;
				GCC_WARN_UNINITIALIZED_AUTOS = YES_AGGRESSIVE;
				GCC_WARN_UNUSED_FUNCTION = YES;
				GCC_WARN_UNUSED_VARIABLE = YES;
				IPHONEOS_DEPLOYMENT_TARGET = 26.2;
				LOCALIZATION_PREFERS_STRING_CATALOGS = YES;
				MTL_ENABLE_DEBUG_INFO = NO;
				MTL_FAST_MATH = YES;
				SDKROOT = iphoneos;
				SWIFT_COMPILATION_MODE = wholemodule;
				VALIDATE_PRODUCT = YES;
			};
			name = Release;
		};
		B32E74882F1ECD710093E016 /* Debug */ = {
			isa = XCBuildConfiguration;
			buildSettings = {
				ASSETCATALOG_COMPILER_APPICON_NAME = AppIcon;
				ASSETCATALOG_COMPILER_GLOBAL_ACCENT_COLOR_NAME = AccentColor;
				CODE_SIGN_STYLE = Automatic;
				CURRENT_PROJECT_VERSION = 1;
				DEVELOPMENT_TEAM = 2HQJC64KR8;
				ENABLE_PREVIEWS = YES;
				GENERATE_INFOPLIST_FILE = YES;
				INFOPLIST_KEY_CFBundleDisplayName = "OneTap OK";
				INFOPLIST_KEY_NSSupportsLiveActivities = YES;
				INFOPLIST_KEY_UIApplicationSceneManifest_Generation = YES;
				INFOPLIST_KEY_UIApplicationSupportsIndirectInputEvents = YES;
				INFOPLIST_KEY_UILaunchScreen_Generation = YES;
				INFOPLIST_KEY_UISupportedInterfaceOrientations = UIInterfaceOrientationPortrait;
				INFOPLIST_KEY_UISupportedInterfaceOrientations_iPhone = UIInterfaceOrientationPortrait;
				LD_RUNPATH_SEARCH_PATHS = (
					"$(inherited)",
					"@executable_path/Frameworks",
				);
				MARKETING_VERSION = 1.4;
				PRODUCT_BUNDLE_IDENTIFIER = rkuo.OneTapSafe;
				PRODUCT_NAME = "$(TARGET_NAME)";
				STRING_CATALOG_GENERATE_SYMBOLS = YES;
				SWIFT_APPROACHABLE_CONCURRENCY = YES;
				SWIFT_DEFAULT_ACTOR_ISOLATION = MainActor;
				SWIFT_EMIT_LOC_STRINGS = YES;
				SWIFT_UPCOMING_FEATURE_MEMBER_IMPORT_VISIBILITY = YES;
				SWIFT_VERSION = 5.0;
				TARGETED_DEVICE_FAMILY = 1;
			};
			name = Debug;
		};
		B32E74892F1ECD710093E016 /* Release */ = {
			isa = XCBuildConfiguration;
			buildSettings = {
				ASSETCATALOG_COMPILER_APPICON_NAME = AppIcon;
				ASSETCATALOG_COMPILER_GLOBAL_ACCENT_COLOR_NAME = AccentColor;
				CODE_SIGN_STYLE = Automatic;
				CURRENT_PROJECT_VERSION = 1;
				DEVELOPMENT_TEAM = 2HQJC64KR8;
				ENABLE_PREVIEWS = YES;
				GENERATE_INFOPLIST_FILE = YES;
				INFOPLIST_KEY_CFBundleDisplayName = "OneTap OK";
				INFOPLIST_KEY_NSSupportsLiveActivities = YES;
				INFOPLIST_KEY_UIApplicationSceneManifest_Generation = YES;
				INFOPLIST_KEY_UIApplicationSupportsIndirectInputEvents = YES;
				INFOPLIST_KEY_UILaunchScreen_Generation = YES;
				INFOPLIST_KEY_UISupportedInterfaceOrientations = UIInterfaceOrientationPortrait;
				INFOPLIST_KEY_UISupportedInterfaceOrientations_iPhone = UIInterfaceOrientationPortrait;
				LD_RUNPATH_SEARCH_PATHS = (
					"$(inherited)",
					"@executable_path/Frameworks",
				);
				MARKETING_VERSION = 1.4;
				PRODUCT_BUNDLE_IDENTIFIER = rkuo.OneTapSafe;
				PRODUCT_NAME = "$(TARGET_NAME)";
				STRING_CATALOG_GENERATE_SYMBOLS = YES;
				SWIFT_APPROACHABLE_CONCURRENCY = YES;
				SWIFT_DEFAULT_ACTOR_ISOLATION = MainActor;
				SWIFT_EMIT_LOC_STRINGS = YES;
				SWIFT_UPCOMING_FEATURE_MEMBER_IMPORT_VISIBILITY = YES;
				SWIFT_VERSION = 5.0;
				TARGETED_DEVICE_FAMILY = 1;
			};
			name = Release;
		};
		B32E74CB2F1EFADF0093E016 /* Debug */ = {
			isa = XCBuildConfiguration;
			buildSettings = {
				ASSETCATALOG_COMPILER_GLOBAL_ACCENT_COLOR_NAME = AccentColor;
				ASSETCATALOG_COMPILER_WIDGET_BACKGROUND_COLOR_NAME = WidgetBackground;
				CODE_SIGN_STYLE = Automatic;
				CURRENT_PROJECT_VERSION = 1;
				DEVELOPMENT_TEAM = 2HQJC64KR8;
				GENERATE_INFOPLIST_FILE = YES;
				INFOPLIST_FILE = OneTapSafeWidget/Info.plist;
				INFOPLIST_KEY_CFBundleDisplayName = OneTapSafeWidget;
				INFOPLIST_KEY_NSHumanReadableCopyright = "";
				LD_RUNPATH_SEARCH_PATHS = (
					"$(inherited)",
					"@executable_path/Frameworks",
					"@executable_path/../../Frameworks",
				);
				MARKETING_VERSION = 1.0;
				PRODUCT_BUNDLE_IDENTIFIER = rkuo.OneTapSafe.OneTapSafeWidget;
				PRODUCT_NAME = "$(TARGET_NAME)";
				SKIP_INSTALL = YES;
				STRING_CATALOG_GENERATE_SYMBOLS = YES;
				SWIFT_APPROACHABLE_CONCURRENCY = YES;
				SWIFT_EMIT_LOC_STRINGS = YES;
				SWIFT_UPCOMING_FEATURE_MEMBER_IMPORT_VISIBILITY = YES;
				SWIFT_VERSION = 5.0;
				TARGETED_DEVICE_FAMILY = "1,2";
			};
			name = Debug;
		};
		B32E74CC2F1EFADF0093E016 /* Release */ = {
			isa = XCBuildConfiguration;
			buildSettings = {
				ASSETCATALOG_COMPILER_GLOBAL_ACCENT_COLOR_NAME = AccentColor;
				ASSETCATALOG_COMPILER_WIDGET_BACKGROUND_COLOR_NAME = WidgetBackground;
				CODE_SIGN_STYLE = Automatic;
				CURRENT_PROJECT_VERSION = 1;
				DEVELOPMENT_TEAM = 2HQJC64KR8;
				GENERATE_INFOPLIST_FILE = YES;
				INFOPLIST_FILE = OneTapSafeWidget/Info.plist;
				INFOPLIST_KEY_CFBundleDisplayName = OneTapSafeWidget;
				INFOPLIST_KEY_NSHumanReadableCopyright = "";
				LD_RUNPATH_SEARCH_PATHS = (
					"$(inherited)",
					"@executable_path/Frameworks",
					"@executable_path/../../Frameworks",
				);
				MARKETING_VERSION = 1.0;
				PRODUCT_BUNDLE_IDENTIFIER = rkuo.OneTapSafe.OneTapSafeWidget;
				PRODUCT_NAME = "$(TARGET_NAME)";
				SKIP_INSTALL = YES;
				STRING_CATALOG_GENERATE_SYMBOLS = YES;
				SWIFT_APPROACHABLE_CONCURRENCY = YES;
				SWIFT_EMIT_LOC_STRINGS = YES;
				SWIFT_UPCOMING_FEATURE_MEMBER_IMPORT_VISIBILITY = YES;
				SWIFT_VERSION = 5.0;
				TARGETED_DEVICE_FAMILY = "1,2";
			};
			name = Release;
		};
/* End XCBuildConfiguration section */

/* Begin XCConfigurationList section */
		B32E74772F1ECD6F0093E016 /* Build configuration list for PBXProject "OneTapSafe" */ = {
			isa = XCConfigurationList;
			buildConfigurations = (
				B32E74852F1ECD710093E016 /* Debug */,
				B32E74862F1ECD710093E016 /* Release */,
			);
			defaultConfigurationIsVisible = 0;
			defaultConfigurationName = Release;
		};
		B32E74872F1ECD710093E016 /* Build configuration list for PBXNativeTarget "OneTapSafe" */ = {
			isa = XCConfigurationList;
			buildConfigurations = (
				B32E74882F1ECD710093E016 /* Debug */,
				B32E74892F1ECD710093E016 /* Release */,
			);
			defaultConfigurationIsVisible = 0;
			defaultConfigurationName = Release;
		};
		B32E74CA2F1EFADF0093E016 /* Build configuration list for PBXNativeTarget "OneTapSafeWidgetExtension" */ = {
			isa = XCConfigurationList;
			buildConfigurations = (
				B32E74CB2F1EFADF0093E016 /* Debug */,
				B32E74CC2F1EFADF0093E016 /* Release */,
			);
			defaultConfigurationIsVisible = 0;
			defaultConfigurationName = Release;
		};
/* End XCConfigurationList section */

/* Begin XCRemoteSwiftPackageReference section */
		B3E617AD2F481144009FF88C /* XCRemoteSwiftPackageReference "firebase-ios-sdk" */ = {
			isa = XCRemoteSwiftPackageReference;
			repositoryURL = "https://github.com/firebase/firebase-ios-sdk";
			requirement = {
				kind = upToNextMajorVersion;
				minimumVersion = 12.9.0;
			};
		};
/* End XCRemoteSwiftPackageReference section */

/* Begin XCSwiftPackageProductDependency section */
		B3E617AE2F481144009FF88C /* FirebaseAnalytics */ = {
			isa = XCSwiftPackageProductDependency;
			package = B3E617AD2F481144009FF88C /* XCRemoteSwiftPackageReference "firebase-ios-sdk" */;
			productName = FirebaseAnalytics;
		};
/* End XCSwiftPackageProductDependency section */
	};
	rootObject = B32E74742F1ECD6F0093E016 /* Project object */;
}
